// !$*UTF8*$!
{
	archiveVersion = 1;
	classes = {
	};
	objectVersion = 56;
	objects = {

/* Begin PBXBuildFile section */
		C00269D72A257118000BA655 /* TemperatureData.swift in Sources */ = {isa = PBXBuildFile; fileRef = C00269D62A257118000BA655 /* TemperatureData.swift */; };
		C00269D92A25714C000BA655 /* TemperatureStatusRow.swift in Sources */ = {isa = PBXBuildFile; fileRef = C00269D82A25714C000BA655 /* TemperatureStatusRow.swift */; };
		C00269E32A264AFD000BA655 /* StatusBarManager.swift in Sources */ = {isa = PBXBuildFile; fileRef = C00269E22A264AFD000BA655 /* StatusBarManager.swift */; };
		C00269E62A2665B2000BA655 /* TemperatureLevel.swift in Sources */ = {isa = PBXBuildFile; fileRef = C00269E52A2665B2000BA655 /* TemperatureLevel.swift */; };
		C00269E82A2668BB000BA655 /* TemperatureLevel+Color.swift in Sources */ = {isa = PBXBuildFile; fileRef = C00269E72A2668BB000BA655 /* TemperatureLevel+Color.swift */; };
		C00269EA2A2668DB000BA655 /* TemperatureLevel+NSImage.swift in Sources */ = {isa = PBXBuildFile; fileRef = C00269E92A2668DB000BA655 /* TemperatureLevel+NSImage.swift */; };
		C0110B082A840F8700281D35 /* main.swift in Sources */ = {isa = PBXBuildFile; fileRef = C0110B072A840F8700281D35 /* main.swift */; };
		C0110B0A2A843D0000281D35 /* LICENSE in Resources */ = {isa = PBXBuildFile; fileRef = C0110B092A843D0000281D35 /* LICENSE */; };
		C0110B0C2A843F0700281D35 /* MainViewModel.swift in Sources */ = {isa = PBXBuildFile; fileRef = C0110B0B2A843F0700281D35 /* MainViewModel.swift */; };
		C0110B102A84F15400281D35 /* MenuViewModel.swift in Sources */ = {isa = PBXBuildFile; fileRef = C0110B0F2A84F15400281D35 /* MenuViewModel.swift */; };
		C0110B142A851D9000281D35 /* SettingsViewModel.swift in Sources */ = {isa = PBXBuildFile; fileRef = C0110B132A851D9000281D35 /* SettingsViewModel.swift */; };
		C0110B182A85396C00281D35 /* SettingsItemView.swift in Sources */ = {isa = PBXBuildFile; fileRef = C0110B172A85396C00281D35 /* SettingsItemView.swift */; };
		C0110B1E2A8539E200281D35 /* SettingsDelegate.swift in Sources */ = {isa = PBXBuildFile; fileRef = C0110B1D2A8539E200281D35 /* SettingsDelegate.swift */; };
		C0110B212A853B8C00281D35 /* NSTabViewItem.swift in Sources */ = {isa = PBXBuildFile; fileRef = C0110B202A853B8C00281D35 /* NSTabViewItem.swift */; };
		C0110B232A853BCD00281D35 /* Float+CGFloat.swift in Sources */ = {isa = PBXBuildFile; fileRef = C0110B222A853BCD00281D35 /* Float+CGFloat.swift */; };
		C0110B252A853C9100281D35 /* TemperatureStatusBarRow.swift in Sources */ = {isa = PBXBuildFile; fileRef = C0110B242A853C9100281D35 /* TemperatureStatusBarRow.swift */; };
		C0110B7E2A89778D00281D35 /* CurrentDeviceStubs.swift in Sources */ = {isa = PBXBuildFile; fileRef = C0110B7D2A89778D00281D35 /* CurrentDeviceStubs.swift */; };
		C0110B802A89780000281D35 /* CurrentDeviceTests.swift in Sources */ = {isa = PBXBuildFile; fileRef = C0110B7F2A89780000281D35 /* CurrentDeviceTests.swift */; };
		C01DDC712A27C9FD00E30383 /* TemperatureTableView.swift in Sources */ = {isa = PBXBuildFile; fileRef = C01DDC702A27C9FD00E30383 /* TemperatureTableView.swift */; };
		C01DDC732A27F26500E30383 /* TemperatureDataContainer.swift in Sources */ = {isa = PBXBuildFile; fileRef = C01DDC722A27F26500E30383 /* TemperatureDataContainer.swift */; };
		C01DDC752A289ACA00E30383 /* HorizontalBar.swift in Sources */ = {isa = PBXBuildFile; fileRef = C01DDC742A289ACA00E30383 /* HorizontalBar.swift */; };
		C01DDC7E2A2904CC00E30383 /* StatusBarModuleAssembly.swift in Sources */ = {isa = PBXBuildFile; fileRef = C01DDC7D2A2904CC00E30383 /* StatusBarModuleAssembly.swift */; };
		C033A53F2A36923D002998B4 /* README.md in Resources */ = {isa = PBXBuildFile; fileRef = C033A53E2A36923D002998B4 /* README.md */; };
		C03970172A2A4167007078AD /* SettingsViewController.swift in Sources */ = {isa = PBXBuildFile; fileRef = C03970162A2A4167007078AD /* SettingsViewController.swift */; };
		C039701E2A2A72F9007078AD /* SettingsItemViewController.swift in Sources */ = {isa = PBXBuildFile; fileRef = C039701D2A2A72F9007078AD /* SettingsItemViewController.swift */; };
		C03970202A2A743A007078AD /* SettingsRowContainer.swift in Sources */ = {isa = PBXBuildFile; fileRef = C039701F2A2A743A007078AD /* SettingsRowContainer.swift */; };
		C03970232A2A748A007078AD /* GeneralSettingsViewController.swift in Sources */ = {isa = PBXBuildFile; fileRef = C03970222A2A748A007078AD /* GeneralSettingsViewController.swift */; };
		C03970252A2A74B9007078AD /* MenuBarSettingsViewController.swift in Sources */ = {isa = PBXBuildFile; fileRef = C03970242A2A74B9007078AD /* MenuBarSettingsViewController.swift */; };
		C03970272A2A74DD007078AD /* StatusBarSettingsViewController.swift in Sources */ = {isa = PBXBuildFile; fileRef = C03970262A2A74DD007078AD /* StatusBarSettingsViewController.swift */; };
		C039702B2A2A84DA007078AD /* SettingsModuleAssembly.swift in Sources */ = {isa = PBXBuildFile; fileRef = C039702A2A2A84DA007078AD /* SettingsModuleAssembly.swift */; };
		C039702E2A2A86C3007078AD /* SettingsStorage.swift in Sources */ = {isa = PBXBuildFile; fileRef = C039702D2A2A86C3007078AD /* SettingsStorage.swift */; };
		C03970302A2AA719007078AD /* Storable.swift in Sources */ = {isa = PBXBuildFile; fileRef = C039702F2A2AA719007078AD /* Storable.swift */; };
		C03970322A2AA79F007078AD /* GeneralSettingsData.swift in Sources */ = {isa = PBXBuildFile; fileRef = C03970312A2AA79F007078AD /* GeneralSettingsData.swift */; };
		C03970342A2AC7F5007078AD /* TemperatureSensorType.swift in Sources */ = {isa = PBXBuildFile; fileRef = C03970332A2AC7F5007078AD /* TemperatureSensorType.swift */; };
		C03970362A2AC85D007078AD /* MenuBarSettingsData.swift in Sources */ = {isa = PBXBuildFile; fileRef = C03970352A2AC85D007078AD /* MenuBarSettingsData.swift */; };
		C03970382A2AC876007078AD /* StatusBarSettingsData.swift in Sources */ = {isa = PBXBuildFile; fileRef = C03970372A2AC876007078AD /* StatusBarSettingsData.swift */; };
		C039703A2A2B4FF7007078AD /* StorageLoader.swift in Sources */ = {isa = PBXBuildFile; fileRef = C03970392A2B4FF7007078AD /* StorageLoader.swift */; };
		C039703C2A2B58DB007078AD /* NotificationNames.swift in Sources */ = {isa = PBXBuildFile; fileRef = C039703B2A2B58DB007078AD /* NotificationNames.swift */; };
		C03C210D2A26BD6B009A7C8E /* TemperatureMonitor.swift in Sources */ = {isa = PBXBuildFile; fileRef = C03C210C2A26BD6B009A7C8E /* TemperatureMonitor.swift */; };
		C03C210F2A275165009A7C8E /* TemperaturesMenuView.swift in Sources */ = {isa = PBXBuildFile; fileRef = C03C210E2A275165009A7C8E /* TemperaturesMenuView.swift */; };
		C0545EFD2A8A4D80002CD969 /* Bundle.swift in Sources */ = {isa = PBXBuildFile; fileRef = C0545EFC2A8A4D80002CD969 /* Bundle.swift */; };
		C0545EFF2A8A4D8E002CD969 /* VersionedTitle.swift in Sources */ = {isa = PBXBuildFile; fileRef = C0545EFE2A8A4D8E002CD969 /* VersionedTitle.swift */; };
		C065AC962A23D1B400A82183 /* AppDelegate.swift in Sources */ = {isa = PBXBuildFile; fileRef = C065AC952A23D1B400A82183 /* AppDelegate.swift */; };
		C065AC982A23D1B400A82183 /* MainViewController.swift in Sources */ = {isa = PBXBuildFile; fileRef = C065AC972A23D1B400A82183 /* MainViewController.swift */; };
		C065AC9A2A23D1B500A82183 /* Assets.xcassets in Resources */ = {isa = PBXBuildFile; fileRef = C065AC992A23D1B500A82183 /* Assets.xcassets */; };
		C065ACB22A23D1B500A82183 /* MacTemperatureUITests.swift in Sources */ = {isa = PBXBuildFile; fileRef = C065ACB12A23D1B500A82183 /* MacTemperatureUITests.swift */; };
		C065ACB42A23D1B500A82183 /* MacTemperatureUITestsLaunchTests.swift in Sources */ = {isa = PBXBuildFile; fileRef = C065ACB32A23D1B500A82183 /* MacTemperatureUITestsLaunchTests.swift */; };
		C065ACC22A24F24300A82183 /* AppleSMC.swift in Sources */ = {isa = PBXBuildFile; fileRef = C065ACC12A24F24300A82183 /* AppleSMC.swift */; };
		C065ACC42A24F37D00A82183 /* Sensors.swift in Sources */ = {isa = PBXBuildFile; fileRef = C065ACC32A24F37D00A82183 /* Sensors.swift */; };
		C065ACC92A25161200A82183 /* SensorsManager.swift in Sources */ = {isa = PBXBuildFile; fileRef = C065ACC82A25161200A82183 /* SensorsManager.swift */; };
		C065ACCB2A2517BC00A82183 /* TemperatureManager.swift in Sources */ = {isa = PBXBuildFile; fileRef = C065ACCA2A2517BC00A82183 /* TemperatureManager.swift */; };
		C065ACCD2A252D4200A82183 /* MainModuleAssembly.swift in Sources */ = {isa = PBXBuildFile; fileRef = C065ACCC2A252D4200A82183 /* MainModuleAssembly.swift */; };
		C08332A22A30DC0100C1ECF0 /* MenuView.swift in Sources */ = {isa = PBXBuildFile; fileRef = C08332A12A30DC0100C1ECF0 /* MenuView.swift */; };
		C08332A62A30DD6600C1ECF0 /* MenuModuleAssembly.swift in Sources */ = {isa = PBXBuildFile; fileRef = C08332A52A30DD6600C1ECF0 /* MenuModuleAssembly.swift */; };
		C08332A82A30E15200C1ECF0 /* NSMutableAttributedString+Extensions.swift in Sources */ = {isa = PBXBuildFile; fileRef = C08332A72A30E15200C1ECF0 /* NSMutableAttributedString+Extensions.swift */; };
		C0D842D22AD1DFCC00B85E9F /* Constants.swift in Sources */ = {isa = PBXBuildFile; fileRef = C0D842D12AD1DFCC00B85E9F /* Constants.swift */; };
		C0D842D42AD1E48F00B85E9F /* NSApplication+AppDelegate.swift in Sources */ = {isa = PBXBuildFile; fileRef = C0D842D32AD1E48F00B85E9F /* NSApplication+AppDelegate.swift */; };
		C0E5F93C2A2CA5BC0098727E /* ARM.swift in Sources */ = {isa = PBXBuildFile; fileRef = C0E5F93B2A2CA5BC0098727E /* ARM.swift */; };
		C0E5F93E2A2CA6120098727E /* Device.swift in Sources */ = {isa = PBXBuildFile; fileRef = C0E5F93D2A2CA6120098727E /* Device.swift */; };
/* End PBXBuildFile section */

/* Begin PBXContainerItemProxy section */
		C065ACA42A23D1B500A82183 /* PBXContainerItemProxy */ = {
			isa = PBXContainerItemProxy;
			containerPortal = C065AC8A2A23D1B400A82183 /* Project object */;
			proxyType = 1;
			remoteGlobalIDString = C065AC912A23D1B400A82183;
			remoteInfo = MacTemperature;
		};
		C065ACAE2A23D1B500A82183 /* PBXContainerItemProxy */ = {
			isa = PBXContainerItemProxy;
			containerPortal = C065AC8A2A23D1B400A82183 /* Project object */;
			proxyType = 1;
			remoteGlobalIDString = C065AC912A23D1B400A82183;
			remoteInfo = MacTemperature;
		};
/* End PBXContainerItemProxy section */

/* Begin PBXFileReference section */
		C00269D62A257118000BA655 /* TemperatureData.swift */ = {isa = PBXFileReference; lastKnownFileType = sourcecode.swift; path = TemperatureData.swift; sourceTree = "<group>"; };
		C00269D82A25714C000BA655 /* TemperatureStatusRow.swift */ = {isa = PBXFileReference; lastKnownFileType = sourcecode.swift; path = TemperatureStatusRow.swift; sourceTree = "<group>"; };
		C00269E22A264AFD000BA655 /* StatusBarManager.swift */ = {isa = PBXFileReference; lastKnownFileType = sourcecode.swift; path = StatusBarManager.swift; sourceTree = "<group>"; };
		C00269E52A2665B2000BA655 /* TemperatureLevel.swift */ = {isa = PBXFileReference; lastKnownFileType = sourcecode.swift; path = TemperatureLevel.swift; sourceTree = "<group>"; };
		C00269E72A2668BB000BA655 /* TemperatureLevel+Color.swift */ = {isa = PBXFileReference; lastKnownFileType = sourcecode.swift; path = "TemperatureLevel+Color.swift"; sourceTree = "<group>"; };
		C00269E92A2668DB000BA655 /* TemperatureLevel+NSImage.swift */ = {isa = PBXFileReference; lastKnownFileType = sourcecode.swift; path = "TemperatureLevel+NSImage.swift"; sourceTree = "<group>"; };
		C0110B072A840F8700281D35 /* main.swift */ = {isa = PBXFileReference; lastKnownFileType = sourcecode.swift; path = main.swift; sourceTree = "<group>"; };
		C0110B092A843D0000281D35 /* LICENSE */ = {isa = PBXFileReference; fileEncoding = 4; lastKnownFileType = text; path = LICENSE; sourceTree = "<group>"; };
		C0110B0B2A843F0700281D35 /* MainViewModel.swift */ = {isa = PBXFileReference; lastKnownFileType = sourcecode.swift; path = MainViewModel.swift; sourceTree = "<group>"; };
		C0110B0F2A84F15400281D35 /* MenuViewModel.swift */ = {isa = PBXFileReference; lastKnownFileType = sourcecode.swift; path = MenuViewModel.swift; sourceTree = "<group>"; };
		C0110B132A851D9000281D35 /* SettingsViewModel.swift */ = {isa = PBXFileReference; lastKnownFileType = sourcecode.swift; path = SettingsViewModel.swift; sourceTree = "<group>"; };
		C0110B172A85396C00281D35 /* SettingsItemView.swift */ = {isa = PBXFileReference; lastKnownFileType = sourcecode.swift; path = SettingsItemView.swift; sourceTree = "<group>"; };
		C0110B1D2A8539E200281D35 /* SettingsDelegate.swift */ = {isa = PBXFileReference; lastKnownFileType = sourcecode.swift; path = SettingsDelegate.swift; sourceTree = "<group>"; };
		C0110B202A853B8C00281D35 /* NSTabViewItem.swift */ = {isa = PBXFileReference; lastKnownFileType = sourcecode.swift; path = NSTabViewItem.swift; sourceTree = "<group>"; };
		C0110B222A853BCD00281D35 /* Float+CGFloat.swift */ = {isa = PBXFileReference; lastKnownFileType = sourcecode.swift; path = "Float+CGFloat.swift"; sourceTree = "<group>"; };
		C0110B242A853C9100281D35 /* TemperatureStatusBarRow.swift */ = {isa = PBXFileReference; lastKnownFileType = sourcecode.swift; path = TemperatureStatusBarRow.swift; sourceTree = "<group>"; };
		C0110B7D2A89778D00281D35 /* CurrentDeviceStubs.swift */ = {isa = PBXFileReference; lastKnownFileType = sourcecode.swift; path = CurrentDeviceStubs.swift; sourceTree = "<group>"; };
		C0110B7F2A89780000281D35 /* CurrentDeviceTests.swift */ = {isa = PBXFileReference; lastKnownFileType = sourcecode.swift; path = CurrentDeviceTests.swift; sourceTree = "<group>"; };
		C01DDC6F2A27898D00E30383 /* MacTemperature.xctestplan */ = {isa = PBXFileReference; lastKnownFileType = text; path = MacTemperature.xctestplan; sourceTree = "<group>"; };
		C01DDC702A27C9FD00E30383 /* TemperatureTableView.swift */ = {isa = PBXFileReference; lastKnownFileType = sourcecode.swift; path = TemperatureTableView.swift; sourceTree = "<group>"; };
		C01DDC722A27F26500E30383 /* TemperatureDataContainer.swift */ = {isa = PBXFileReference; lastKnownFileType = sourcecode.swift; path = TemperatureDataContainer.swift; sourceTree = "<group>"; };
		C01DDC742A289ACA00E30383 /* HorizontalBar.swift */ = {isa = PBXFileReference; lastKnownFileType = sourcecode.swift; path = HorizontalBar.swift; sourceTree = "<group>"; };
		C01DDC7D2A2904CC00E30383 /* StatusBarModuleAssembly.swift */ = {isa = PBXFileReference; lastKnownFileType = sourcecode.swift; path = StatusBarModuleAssembly.swift; sourceTree = "<group>"; };
		C033A53E2A36923D002998B4 /* README.md */ = {isa = PBXFileReference; fileEncoding = 4; lastKnownFileType = net.daringfireball.markdown; path = README.md; sourceTree = "<group>"; };
		C03970162A2A4167007078AD /* SettingsViewController.swift */ = {isa = PBXFileReference; lastKnownFileType = sourcecode.swift; path = SettingsViewController.swift; sourceTree = "<group>"; };
		C039701D2A2A72F9007078AD /* SettingsItemViewController.swift */ = {isa = PBXFileReference; lastKnownFileType = sourcecode.swift; path = SettingsItemViewController.swift; sourceTree = "<group>"; };
		C039701F2A2A743A007078AD /* SettingsRowContainer.swift */ = {isa = PBXFileReference; lastKnownFileType = sourcecode.swift; path = SettingsRowContainer.swift; sourceTree = "<group>"; };
		C03970222A2A748A007078AD /* GeneralSettingsViewController.swift */ = {isa = PBXFileReference; lastKnownFileType = sourcecode.swift; path = GeneralSettingsViewController.swift; sourceTree = "<group>"; };
		C03970242A2A74B9007078AD /* MenuBarSettingsViewController.swift */ = {isa = PBXFileReference; lastKnownFileType = sourcecode.swift; path = MenuBarSettingsViewController.swift; sourceTree = "<group>"; };
		C03970262A2A74DD007078AD /* StatusBarSettingsViewController.swift */ = {isa = PBXFileReference; lastKnownFileType = sourcecode.swift; path = StatusBarSettingsViewController.swift; sourceTree = "<group>"; };
		C039702A2A2A84DA007078AD /* SettingsModuleAssembly.swift */ = {isa = PBXFileReference; lastKnownFileType = sourcecode.swift; path = SettingsModuleAssembly.swift; sourceTree = "<group>"; };
		C039702D2A2A86C3007078AD /* SettingsStorage.swift */ = {isa = PBXFileReference; lastKnownFileType = sourcecode.swift; path = SettingsStorage.swift; sourceTree = "<group>"; };
		C039702F2A2AA719007078AD /* Storable.swift */ = {isa = PBXFileReference; lastKnownFileType = sourcecode.swift; path = Storable.swift; sourceTree = "<group>"; };
		C03970312A2AA79F007078AD /* GeneralSettingsData.swift */ = {isa = PBXFileReference; lastKnownFileType = sourcecode.swift; path = GeneralSettingsData.swift; sourceTree = "<group>"; };
		C03970332A2AC7F5007078AD /* TemperatureSensorType.swift */ = {isa = PBXFileReference; lastKnownFileType = sourcecode.swift; path = TemperatureSensorType.swift; sourceTree = "<group>"; };
		C03970352A2AC85D007078AD /* MenuBarSettingsData.swift */ = {isa = PBXFileReference; lastKnownFileType = sourcecode.swift; path = MenuBarSettingsData.swift; sourceTree = "<group>"; };
		C03970372A2AC876007078AD /* StatusBarSettingsData.swift */ = {isa = PBXFileReference; lastKnownFileType = sourcecode.swift; path = StatusBarSettingsData.swift; sourceTree = "<group>"; };
		C03970392A2B4FF7007078AD /* StorageLoader.swift */ = {isa = PBXFileReference; lastKnownFileType = sourcecode.swift; path = StorageLoader.swift; sourceTree = "<group>"; };
		C039703B2A2B58DB007078AD /* NotificationNames.swift */ = {isa = PBXFileReference; lastKnownFileType = sourcecode.swift; path = NotificationNames.swift; sourceTree = "<group>"; };
		C03C210C2A26BD6B009A7C8E /* TemperatureMonitor.swift */ = {isa = PBXFileReference; lastKnownFileType = sourcecode.swift; path = TemperatureMonitor.swift; sourceTree = "<group>"; };
		C03C210E2A275165009A7C8E /* TemperaturesMenuView.swift */ = {isa = PBXFileReference; lastKnownFileType = sourcecode.swift; path = TemperaturesMenuView.swift; sourceTree = "<group>"; };
		C0545EFC2A8A4D80002CD969 /* Bundle.swift */ = {isa = PBXFileReference; lastKnownFileType = sourcecode.swift; path = Bundle.swift; sourceTree = "<group>"; };
		C0545EFE2A8A4D8E002CD969 /* VersionedTitle.swift */ = {isa = PBXFileReference; lastKnownFileType = sourcecode.swift; path = VersionedTitle.swift; sourceTree = "<group>"; };
		C065AC922A23D1B400A82183 /* MacTemperature.app */ = {isa = PBXFileReference; explicitFileType = wrapper.application; includeInIndex = 0; path = MacTemperature.app; sourceTree = BUILT_PRODUCTS_DIR; };
		C065AC952A23D1B400A82183 /* AppDelegate.swift */ = {isa = PBXFileReference; lastKnownFileType = sourcecode.swift; path = AppDelegate.swift; sourceTree = "<group>"; };
		C065AC972A23D1B400A82183 /* MainViewController.swift */ = {isa = PBXFileReference; lastKnownFileType = sourcecode.swift; path = MainViewController.swift; sourceTree = "<group>"; };
		C065AC992A23D1B500A82183 /* Assets.xcassets */ = {isa = PBXFileReference; lastKnownFileType = folder.assetcatalog; path = Assets.xcassets; sourceTree = "<group>"; };
		C065AC9E2A23D1B500A82183 /* MacTemperature.entitlements */ = {isa = PBXFileReference; lastKnownFileType = text.plist.entitlements; path = MacTemperature.entitlements; sourceTree = "<group>"; };
		C065ACA32A23D1B500A82183 /* MacTemperatureTests.xctest */ = {isa = PBXFileReference; explicitFileType = wrapper.cfbundle; includeInIndex = 0; path = MacTemperatureTests.xctest; sourceTree = BUILT_PRODUCTS_DIR; };
		C065ACAD2A23D1B500A82183 /* MacTemperatureUITests.xctest */ = {isa = PBXFileReference; explicitFileType = wrapper.cfbundle; includeInIndex = 0; path = MacTemperatureUITests.xctest; sourceTree = BUILT_PRODUCTS_DIR; };
		C065ACB12A23D1B500A82183 /* MacTemperatureUITests.swift */ = {isa = PBXFileReference; lastKnownFileType = sourcecode.swift; path = MacTemperatureUITests.swift; sourceTree = "<group>"; };
		C065ACB32A23D1B500A82183 /* MacTemperatureUITestsLaunchTests.swift */ = {isa = PBXFileReference; lastKnownFileType = sourcecode.swift; path = MacTemperatureUITestsLaunchTests.swift; sourceTree = "<group>"; };
		C065ACC12A24F24300A82183 /* AppleSMC.swift */ = {isa = PBXFileReference; lastKnownFileType = sourcecode.swift; path = AppleSMC.swift; sourceTree = "<group>"; };
		C065ACC32A24F37D00A82183 /* Sensors.swift */ = {isa = PBXFileReference; lastKnownFileType = sourcecode.swift; path = Sensors.swift; sourceTree = "<group>"; };
		C065ACC82A25161200A82183 /* SensorsManager.swift */ = {isa = PBXFileReference; lastKnownFileType = sourcecode.swift; path = SensorsManager.swift; sourceTree = "<group>"; };
		C065ACCA2A2517BC00A82183 /* TemperatureManager.swift */ = {isa = PBXFileReference; lastKnownFileType = sourcecode.swift; path = TemperatureManager.swift; sourceTree = "<group>"; };
		C065ACCC2A252D4200A82183 /* MainModuleAssembly.swift */ = {isa = PBXFileReference; lastKnownFileType = sourcecode.swift; path = MainModuleAssembly.swift; sourceTree = "<group>"; };
		C08332A12A30DC0100C1ECF0 /* MenuView.swift */ = {isa = PBXFileReference; lastKnownFileType = sourcecode.swift; path = MenuView.swift; sourceTree = "<group>"; };
		C08332A52A30DD6600C1ECF0 /* MenuModuleAssembly.swift */ = {isa = PBXFileReference; lastKnownFileType = sourcecode.swift; path = MenuModuleAssembly.swift; sourceTree = "<group>"; };
		C08332A72A30E15200C1ECF0 /* NSMutableAttributedString+Extensions.swift */ = {isa = PBXFileReference; lastKnownFileType = sourcecode.swift; path = "NSMutableAttributedString+Extensions.swift"; sourceTree = "<group>"; };
		C0D842D12AD1DFCC00B85E9F /* Constants.swift */ = {isa = PBXFileReference; lastKnownFileType = sourcecode.swift; path = Constants.swift; sourceTree = "<group>"; };
		C0D842D32AD1E48F00B85E9F /* NSApplication+AppDelegate.swift */ = {isa = PBXFileReference; lastKnownFileType = sourcecode.swift; path = "NSApplication+AppDelegate.swift"; sourceTree = "<group>"; };
		C0E5F93B2A2CA5BC0098727E /* ARM.swift */ = {isa = PBXFileReference; lastKnownFileType = sourcecode.swift; path = ARM.swift; sourceTree = "<group>"; };
		C0E5F93D2A2CA6120098727E /* Device.swift */ = {isa = PBXFileReference; lastKnownFileType = sourcecode.swift; path = Device.swift; sourceTree = "<group>"; };
/* End PBXFileReference section */

/* Begin PBXFrameworksBuildPhase section */
		C065AC8F2A23D1B400A82183 /* Frameworks */ = {
			isa = PBXFrameworksBuildPhase;
			buildActionMask = 2147483647;
			files = (
			);
			runOnlyForDeploymentPostprocessing = 0;
		};
		C065ACA02A23D1B500A82183 /* Frameworks */ = {
			isa = PBXFrameworksBuildPhase;
			buildActionMask = 2147483647;
			files = (
			);
			runOnlyForDeploymentPostprocessing = 0;
		};
		C065ACAA2A23D1B500A82183 /* Frameworks */ = {
			isa = PBXFrameworksBuildPhase;
			buildActionMask = 2147483647;
			files = (
			);
			runOnlyForDeploymentPostprocessing = 0;
		};
/* End PBXFrameworksBuildPhase section */

/* Begin PBXGroup section */
		C00269E12A264AEA000BA655 /* Managers */ = {
			isa = PBXGroup;
			children = (
				C065ACC82A25161200A82183 /* SensorsManager.swift */,
				C065ACCA2A2517BC00A82183 /* TemperatureManager.swift */,
			);
			path = Managers;
			sourceTree = "<group>";
		};
		C00269E42A2665A1000BA655 /* Helpers */ = {
			isa = PBXGroup;
			children = (
				C0D842D12AD1DFCC00B85E9F /* Constants.swift */,
				C039703B2A2B58DB007078AD /* NotificationNames.swift */,
				C00269E52A2665B2000BA655 /* TemperatureLevel.swift */,
			);
			path = Helpers;
			sourceTree = "<group>";
		};
		C0110B0D2A844F4A00281D35 /* ViewModel */ = {
			isa = PBXGroup;
			children = (
				C0110B0B2A843F0700281D35 /* MainViewModel.swift */,
			);
			path = ViewModel;
			sourceTree = "<group>";
		};
		C0110B0E2A844F5300281D35 /* View */ = {
			isa = PBXGroup;
			children = (
				C01DDC782A28BAA200E30383 /* TemperatureTableView */,
				C065AC972A23D1B400A82183 /* MainViewController.swift */,
			);
			path = View;
			sourceTree = "<group>";
		};
		C0110B112A85185400281D35 /* View */ = {
			isa = PBXGroup;
			children = (
				C03C210E2A275165009A7C8E /* TemperaturesMenuView.swift */,
				C08332A12A30DC0100C1ECF0 /* MenuView.swift */,
			);
			path = View;
			sourceTree = "<group>";
		};
		C0110B122A85185D00281D35 /* ViewModel */ = {
			isa = PBXGroup;
			children = (
				C0110B0F2A84F15400281D35 /* MenuViewModel.swift */,
			);
			path = ViewModel;
			sourceTree = "<group>";
		};
		C0110B152A85395000281D35 /* UI */ = {
			isa = PBXGroup;
			children = (
				C0110B162A85395A00281D35 /* Protocols */,
				C0110B192A85398E00281D35 /* Views */,
				C0110B1A2A85399300281D35 /* Rows */,
			);
			path = UI;
			sourceTree = "<group>";
		};
		C0110B162A85395A00281D35 /* Protocols */ = {
			isa = PBXGroup;
			children = (
				C0110B1D2A8539E200281D35 /* SettingsDelegate.swift */,
				C0110B172A85396C00281D35 /* SettingsItemView.swift */,
			);
			path = Protocols;
			sourceTree = "<group>";
		};
		C0110B192A85398E00281D35 /* Views */ = {
			isa = PBXGroup;
			children = (
				C039701D2A2A72F9007078AD /* SettingsItemViewController.swift */,
			);
			path = Views;
			sourceTree = "<group>";
		};
		C0110B1A2A85399300281D35 /* Rows */ = {
			isa = PBXGroup;
			children = (
				C0110B242A853C9100281D35 /* TemperatureStatusBarRow.swift */,
				C00269D82A25714C000BA655 /* TemperatureStatusRow.swift */,
				C039701F2A2A743A007078AD /* SettingsRowContainer.swift */,
			);
			path = Rows;
			sourceTree = "<group>";
		};
		C0110B1B2A8539A500281D35 /* ViewModel */ = {
			isa = PBXGroup;
			children = (
				C0110B132A851D9000281D35 /* SettingsViewModel.swift */,
			);
			path = ViewModel;
			sourceTree = "<group>";
		};
		C0110B1C2A8539B000281D35 /* View */ = {
			isa = PBXGroup;
			children = (
				C03970212A2A7477007078AD /* Items */,
				C03970162A2A4167007078AD /* SettingsViewController.swift */,
			);
			path = View;
			sourceTree = "<group>";
		};
		C0110B1F2A853B0500281D35 /* Extension */ = {
			isa = PBXGroup;
			children = (
				C0545EFC2A8A4D80002CD969 /* Bundle.swift */,
				C0545EFE2A8A4D8E002CD969 /* VersionedTitle.swift */,
				C0110B202A853B8C00281D35 /* NSTabViewItem.swift */,
				C0110B222A853BCD00281D35 /* Float+CGFloat.swift */,
				C00269E72A2668BB000BA655 /* TemperatureLevel+Color.swift */,
				C00269E92A2668DB000BA655 /* TemperatureLevel+NSImage.swift */,
				C08332A72A30E15200C1ECF0 /* NSMutableAttributedString+Extensions.swift */,
				C0D842D32AD1E48F00B85E9F /* NSApplication+AppDelegate.swift */,
			);
			path = Extension;
			sourceTree = "<group>";
		};
		C0110B7C2A89772B00281D35 /* Stubs */ = {
			isa = PBXGroup;
			children = (
				C0110B7D2A89778D00281D35 /* CurrentDeviceStubs.swift */,
			);
			path = Stubs;
			sourceTree = "<group>";
		};
		C01DDC782A28BAA200E30383 /* TemperatureTableView */ = {
			isa = PBXGroup;
			children = (
				C01DDC742A289ACA00E30383 /* HorizontalBar.swift */,
				C01DDC702A27C9FD00E30383 /* TemperatureTableView.swift */,
			);
			path = TemperatureTableView;
			sourceTree = "<group>";
		};
		C03970212A2A7477007078AD /* Items */ = {
			isa = PBXGroup;
			children = (
				C03970222A2A748A007078AD /* GeneralSettingsViewController.swift */,
				C03970242A2A74B9007078AD /* MenuBarSettingsViewController.swift */,
				C03970262A2A74DD007078AD /* StatusBarSettingsViewController.swift */,
			);
			path = Items;
			sourceTree = "<group>";
		};
		C039702C2A2A85E8007078AD /* Storage */ = {
			isa = PBXGroup;
			children = (
				C03970392A2B4FF7007078AD /* StorageLoader.swift */,
				C039702D2A2A86C3007078AD /* SettingsStorage.swift */,
				C039702F2A2AA719007078AD /* Storable.swift */,
				C03970312A2AA79F007078AD /* GeneralSettingsData.swift */,
				C03970352A2AC85D007078AD /* MenuBarSettingsData.swift */,
				C03970372A2AC876007078AD /* StatusBarSettingsData.swift */,
			);
			path = Storage;
			sourceTree = "<group>";
		};
		C065AC892A23D1B400A82183 = {
			isa = PBXGroup;
			children = (
				C033A53E2A36923D002998B4 /* README.md */,
				C0110B092A843D0000281D35 /* LICENSE */,
				C065AC942A23D1B400A82183 /* MacTemperature */,
				C065ACA62A23D1B500A82183 /* MacTemperatureTests */,
				C065ACB02A23D1B500A82183 /* MacTemperatureUITests */,
				C065AC932A23D1B400A82183 /* Products */,
			);
			sourceTree = "<group>";
		};
		C065AC932A23D1B400A82183 /* Products */ = {
			isa = PBXGroup;
			children = (
				C065AC922A23D1B400A82183 /* MacTemperature.app */,
				C065ACA32A23D1B500A82183 /* MacTemperatureTests.xctest */,
				C065ACAD2A23D1B500A82183 /* MacTemperatureUITests.xctest */,
			);
			name = Products;
			sourceTree = "<group>";
		};
		C065AC942A23D1B400A82183 /* MacTemperature */ = {
			isa = PBXGroup;
			children = (
				C0110B072A840F8700281D35 /* main.swift */,
				C065AC952A23D1B400A82183 /* AppDelegate.swift */,
				C00269E42A2665A1000BA655 /* Helpers */,
				C065ACC02A24F23400A82183 /* Model */,
				C0E0FF332A44A0B700E38DF9 /* Screens */,
				C0110B152A85395000281D35 /* UI */,
				C0110B1F2A853B0500281D35 /* Extension */,
				C065AC992A23D1B500A82183 /* Assets.xcassets */,
				C065AC9E2A23D1B500A82183 /* MacTemperature.entitlements */,
				C01DDC6F2A27898D00E30383 /* MacTemperature.xctestplan */,
			);
			path = MacTemperature;
			sourceTree = "<group>";
		};
		C065ACA62A23D1B500A82183 /* MacTemperatureTests */ = {
			isa = PBXGroup;
			children = (
				C0110B7C2A89772B00281D35 /* Stubs */,
				C0110B7F2A89780000281D35 /* CurrentDeviceTests.swift */,
			);
			path = MacTemperatureTests;
			sourceTree = "<group>";
		};
		C065ACB02A23D1B500A82183 /* MacTemperatureUITests */ = {
			isa = PBXGroup;
			children = (
				C065ACB12A23D1B500A82183 /* MacTemperatureUITests.swift */,
				C065ACB32A23D1B500A82183 /* MacTemperatureUITestsLaunchTests.swift */,
			);
			path = MacTemperatureUITests;
			sourceTree = "<group>";
		};
		C065ACC02A24F23400A82183 /* Model */ = {
			isa = PBXGroup;
			children = (
				C0E5F93A2A2CA5B00098727E /* Device */,
				C00269E12A264AEA000BA655 /* Managers */,
				C039702C2A2A85E8007078AD /* Storage */,
				C065ACC12A24F24300A82183 /* AppleSMC.swift */,
				C065ACC32A24F37D00A82183 /* Sensors.swift */,
				C03970332A2AC7F5007078AD /* TemperatureSensorType.swift */,
				C00269D62A257118000BA655 /* TemperatureData.swift */,
				C01DDC722A27F26500E30383 /* TemperatureDataContainer.swift */,
				C03C210C2A26BD6B009A7C8E /* TemperatureMonitor.swift */,
			);
			path = Model;
			sourceTree = "<group>";
		};
		C0E0FF332A44A0B700E38DF9 /* Screens */ = {
			isa = PBXGroup;
			children = (
				C0E0FF342A44A0C500E38DF9 /* Main */,
				C0E0FF362A44A1D400E38DF9 /* Settings */,
				C0E0FF372A44A25100E38DF9 /* StatusBar */,
				C0E0FF352A44A15A00E38DF9 /* Menu */,
			);
			path = Screens;
			sourceTree = "<group>";
		};
		C0E0FF342A44A0C500E38DF9 /* Main */ = {
			isa = PBXGroup;
			children = (
				C0110B0E2A844F5300281D35 /* View */,
				C0110B0D2A844F4A00281D35 /* ViewModel */,
				C065ACCC2A252D4200A82183 /* MainModuleAssembly.swift */,
			);
			path = Main;
			sourceTree = "<group>";
		};
		C0E0FF352A44A15A00E38DF9 /* Menu */ = {
			isa = PBXGroup;
			children = (
				C0110B112A85185400281D35 /* View */,
				C0110B122A85185D00281D35 /* ViewModel */,
				C08332A52A30DD6600C1ECF0 /* MenuModuleAssembly.swift */,
			);
			path = Menu;
			sourceTree = "<group>";
		};
		C0E0FF362A44A1D400E38DF9 /* Settings */ = {
			isa = PBXGroup;
			children = (
				C0110B1C2A8539B000281D35 /* View */,
				C0110B1B2A8539A500281D35 /* ViewModel */,
				C039702A2A2A84DA007078AD /* SettingsModuleAssembly.swift */,
			);
			path = Settings;
			sourceTree = "<group>";
		};
		C0E0FF372A44A25100E38DF9 /* StatusBar */ = {
			isa = PBXGroup;
			children = (
				C00269E22A264AFD000BA655 /* StatusBarManager.swift */,
				C01DDC7D2A2904CC00E30383 /* StatusBarModuleAssembly.swift */,
			);
			path = StatusBar;
			sourceTree = "<group>";
		};
		C0E5F93A2A2CA5B00098727E /* Device */ = {
			isa = PBXGroup;
			children = (
				C0E5F93B2A2CA5BC0098727E /* ARM.swift */,
				C0E5F93D2A2CA6120098727E /* Device.swift */,
			);
			path = Device;
			sourceTree = "<group>";
		};
/* End PBXGroup section */

/* Begin PBXNativeTarget section */
		C065AC912A23D1B400A82183 /* MacTemperature */ = {
			isa = PBXNativeTarget;
			buildConfigurationList = C065ACB72A23D1B500A82183 /* Build configuration list for PBXNativeTarget "MacTemperature" */;
			buildPhases = (
				C065AC8E2A23D1B400A82183 /* Sources */,
				C065AC8F2A23D1B400A82183 /* Frameworks */,
				C065AC902A23D1B400A82183 /* Resources */,
			);
			buildRules = (
			);
			dependencies = (
			);
			name = MacTemperature;
			productName = MacTemperature;
			productReference = C065AC922A23D1B400A82183 /* MacTemperature.app */;
			productType = "com.apple.product-type.application";
		};
		C065ACA22A23D1B500A82183 /* MacTemperatureTests */ = {
			isa = PBXNativeTarget;
			buildConfigurationList = C065ACBA2A23D1B500A82183 /* Build configuration list for PBXNativeTarget "MacTemperatureTests" */;
			buildPhases = (
				C065AC9F2A23D1B500A82183 /* Sources */,
				C065ACA02A23D1B500A82183 /* Frameworks */,
				C065ACA12A23D1B500A82183 /* Resources */,
			);
			buildRules = (
			);
			dependencies = (
				C065ACA52A23D1B500A82183 /* PBXTargetDependency */,
			);
			name = MacTemperatureTests;
			productName = MacTemperatureTests;
			productReference = C065ACA32A23D1B500A82183 /* MacTemperatureTests.xctest */;
			productType = "com.apple.product-type.bundle.unit-test";
		};
		C065ACAC2A23D1B500A82183 /* MacTemperatureUITests */ = {
			isa = PBXNativeTarget;
			buildConfigurationList = C065ACBD2A23D1B500A82183 /* Build configuration list for PBXNativeTarget "MacTemperatureUITests" */;
			buildPhases = (
				C065ACA92A23D1B500A82183 /* Sources */,
				C065ACAA2A23D1B500A82183 /* Frameworks */,
				C065ACAB2A23D1B500A82183 /* Resources */,
			);
			buildRules = (
			);
			dependencies = (
				C065ACAF2A23D1B500A82183 /* PBXTargetDependency */,
			);
			name = MacTemperatureUITests;
			productName = MacTemperatureUITests;
			productReference = C065ACAD2A23D1B500A82183 /* MacTemperatureUITests.xctest */;
			productType = "com.apple.product-type.bundle.ui-testing";
		};
/* End PBXNativeTarget section */

/* Begin PBXProject section */
		C065AC8A2A23D1B400A82183 /* Project object */ = {
			isa = PBXProject;
			attributes = {
				BuildIndependentTargetsInParallel = 1;
				LastSwiftUpdateCheck = 1430;
				LastUpgradeCheck = 1500;
				TargetAttributes = {
					C065AC912A23D1B400A82183 = {
						CreatedOnToolsVersion = 14.3;
					};
					C065ACA22A23D1B500A82183 = {
						CreatedOnToolsVersion = 14.3;
						LastSwiftMigration = 1430;
						TestTargetID = C065AC912A23D1B400A82183;
					};
					C065ACAC2A23D1B500A82183 = {
						CreatedOnToolsVersion = 14.3;
						TestTargetID = C065AC912A23D1B400A82183;
					};
				};
			};
			buildConfigurationList = C065AC8D2A23D1B400A82183 /* Build configuration list for PBXProject "MacTemperature" */;
			compatibilityVersion = "Xcode 14.0";
			developmentRegion = en;
			hasScannedForEncodings = 0;
			knownRegions = (
				en,
				Base,
			);
			mainGroup = C065AC892A23D1B400A82183;
			productRefGroup = C065AC932A23D1B400A82183 /* Products */;
			projectDirPath = "";
			projectRoot = "";
			targets = (
				C065AC912A23D1B400A82183 /* MacTemperature */,
				C065ACA22A23D1B500A82183 /* MacTemperatureTests */,
				C065ACAC2A23D1B500A82183 /* MacTemperatureUITests */,
			);
		};
/* End PBXProject section */

/* Begin PBXResourcesBuildPhase section */
		C065AC902A23D1B400A82183 /* Resources */ = {
			isa = PBXResourcesBuildPhase;
			buildActionMask = 2147483647;
			files = (
				C0110B0A2A843D0000281D35 /* LICENSE in Resources */,
				C033A53F2A36923D002998B4 /* README.md in Resources */,
				C065AC9A2A23D1B500A82183 /* Assets.xcassets in Resources */,
			);
			runOnlyForDeploymentPostprocessing = 0;
		};
		C065ACA12A23D1B500A82183 /* Resources */ = {
			isa = PBXResourcesBuildPhase;
			buildActionMask = 2147483647;
			files = (
			);
			runOnlyForDeploymentPostprocessing = 0;
		};
		C065ACAB2A23D1B500A82183 /* Resources */ = {
			isa = PBXResourcesBuildPhase;
			buildActionMask = 2147483647;
			files = (
			);
			runOnlyForDeploymentPostprocessing = 0;
		};
/* End PBXResourcesBuildPhase section */

/* Begin PBXSourcesBuildPhase section */
		C065AC8E2A23D1B400A82183 /* Sources */ = {
			isa = PBXSourcesBuildPhase;
			buildActionMask = 2147483647;
			files = (
				C03970342A2AC7F5007078AD /* TemperatureSensorType.swift in Sources */,
				C0545EFD2A8A4D80002CD969 /* Bundle.swift in Sources */,
				C065AC982A23D1B400A82183 /* MainViewController.swift in Sources */,
				C065ACC42A24F37D00A82183 /* Sensors.swift in Sources */,
				C01DDC712A27C9FD00E30383 /* TemperatureTableView.swift in Sources */,
				C01DDC732A27F26500E30383 /* TemperatureDataContainer.swift in Sources */,
				C00269D92A25714C000BA655 /* TemperatureStatusRow.swift in Sources */,
				C0110B182A85396C00281D35 /* SettingsItemView.swift in Sources */,
				C0110B252A853C9100281D35 /* TemperatureStatusBarRow.swift in Sources */,
				C03C210D2A26BD6B009A7C8E /* TemperatureMonitor.swift in Sources */,
				C00269E62A2665B2000BA655 /* TemperatureLevel.swift in Sources */,
				C0110B232A853BCD00281D35 /* Float+CGFloat.swift in Sources */,
				C08332A82A30E15200C1ECF0 /* NSMutableAttributedString+Extensions.swift in Sources */,
				C0545EFF2A8A4D8E002CD969 /* VersionedTitle.swift in Sources */,
				C08332A22A30DC0100C1ECF0 /* MenuView.swift in Sources */,
				C03970302A2AA719007078AD /* Storable.swift in Sources */,
				C03970202A2A743A007078AD /* SettingsRowContainer.swift in Sources */,
				C03970172A2A4167007078AD /* SettingsViewController.swift in Sources */,
				C0E5F93C2A2CA5BC0098727E /* ARM.swift in Sources */,
				C08332A62A30DD6600C1ECF0 /* MenuModuleAssembly.swift in Sources */,
				C00269E32A264AFD000BA655 /* StatusBarManager.swift in Sources */,
				C0110B1E2A8539E200281D35 /* SettingsDelegate.swift in Sources */,
				C065ACCD2A252D4200A82183 /* MainModuleAssembly.swift in Sources */,
				C0110B082A840F8700281D35 /* main.swift in Sources */,
				C03C210F2A275165009A7C8E /* TemperaturesMenuView.swift in Sources */,
				C0110B142A851D9000281D35 /* SettingsViewModel.swift in Sources */,
				C065AC962A23D1B400A82183 /* AppDelegate.swift in Sources */,
				C039702B2A2A84DA007078AD /* SettingsModuleAssembly.swift in Sources */,
				C039703A2A2B4FF7007078AD /* StorageLoader.swift in Sources */,
				C01DDC752A289ACA00E30383 /* HorizontalBar.swift in Sources */,
				C065ACC92A25161200A82183 /* SensorsManager.swift in Sources */,
				C0D842D42AD1E48F00B85E9F /* NSApplication+AppDelegate.swift in Sources */,
				C039702E2A2A86C3007078AD /* SettingsStorage.swift in Sources */,
				C039701E2A2A72F9007078AD /* SettingsItemViewController.swift in Sources */,
				C0110B102A84F15400281D35 /* MenuViewModel.swift in Sources */,
				C03970322A2AA79F007078AD /* GeneralSettingsData.swift in Sources */,
				C0D842D22AD1DFCC00B85E9F /* Constants.swift in Sources */,
				C01DDC7E2A2904CC00E30383 /* StatusBarModuleAssembly.swift in Sources */,
				C03970272A2A74DD007078AD /* StatusBarSettingsViewController.swift in Sources */,
				C0E5F93E2A2CA6120098727E /* Device.swift in Sources */,
				C00269E82A2668BB000BA655 /* TemperatureLevel+Color.swift in Sources */,
				C03970382A2AC876007078AD /* StatusBarSettingsData.swift in Sources */,
				C065ACC22A24F24300A82183 /* AppleSMC.swift in Sources */,
				C03970232A2A748A007078AD /* GeneralSettingsViewController.swift in Sources */,
				C0110B212A853B8C00281D35 /* NSTabViewItem.swift in Sources */,
				C065ACCB2A2517BC00A82183 /* TemperatureManager.swift in Sources */,
				C00269EA2A2668DB000BA655 /* TemperatureLevel+NSImage.swift in Sources */,
				C03970362A2AC85D007078AD /* MenuBarSettingsData.swift in Sources */,
				C039703C2A2B58DB007078AD /* NotificationNames.swift in Sources */,
				C03970252A2A74B9007078AD /* MenuBarSettingsViewController.swift in Sources */,
				C00269D72A257118000BA655 /* TemperatureData.swift in Sources */,
				C0110B0C2A843F0700281D35 /* MainViewModel.swift in Sources */,
			);
			runOnlyForDeploymentPostprocessing = 0;
		};
		C065AC9F2A23D1B500A82183 /* Sources */ = {
			isa = PBXSourcesBuildPhase;
			buildActionMask = 2147483647;
			files = (
				C0110B7E2A89778D00281D35 /* CurrentDeviceStubs.swift in Sources */,
				C0110B802A89780000281D35 /* CurrentDeviceTests.swift in Sources */,
			);
			runOnlyForDeploymentPostprocessing = 0;
		};
		C065ACA92A23D1B500A82183 /* Sources */ = {
			isa = PBXSourcesBuildPhase;
			buildActionMask = 2147483647;
			files = (
				C065ACB22A23D1B500A82183 /* MacTemperatureUITests.swift in Sources */,
				C065ACB42A23D1B500A82183 /* MacTemperatureUITestsLaunchTests.swift in Sources */,
			);
			runOnlyForDeploymentPostprocessing = 0;
		};
/* End PBXSourcesBuildPhase section */

/* Begin PBXTargetDependency section */
		C065ACA52A23D1B500A82183 /* PBXTargetDependency */ = {
			isa = PBXTargetDependency;
			target = C065AC912A23D1B400A82183 /* MacTemperature */;
			targetProxy = C065ACA42A23D1B500A82183 /* PBXContainerItemProxy */;
		};
		C065ACAF2A23D1B500A82183 /* PBXTargetDependency */ = {
			isa = PBXTargetDependency;
			target = C065AC912A23D1B400A82183 /* MacTemperature */;
			targetProxy = C065ACAE2A23D1B500A82183 /* PBXContainerItemProxy */;
		};
/* End PBXTargetDependency section */

/* Begin XCBuildConfiguration section */
		C065ACB52A23D1B500A82183 /* Debug */ = {
			isa = XCBuildConfiguration;
			buildSettings = {
				ALWAYS_SEARCH_USER_PATHS = NO;
				CLANG_ANALYZER_NONNULL = YES;
				CLANG_ANALYZER_NUMBER_OBJECT_CONVERSION = YES_AGGRESSIVE;
				CLANG_CXX_LANGUAGE_STANDARD = "gnu++20";
				CLANG_ENABLE_MODULES = YES;
				CLANG_ENABLE_OBJC_ARC = YES;
				CLANG_ENABLE_OBJC_WEAK = YES;
				CLANG_WARN_BLOCK_CAPTURE_AUTORELEASING = YES;
				CLANG_WARN_BOOL_CONVERSION = YES;
				CLANG_WARN_COMMA = YES;
				CLANG_WARN_CONSTANT_CONVERSION = YES;
				CLANG_WARN_DEPRECATED_OBJC_IMPLEMENTATIONS = YES;
				CLANG_WARN_DIRECT_OBJC_ISA_USAGE = YES_ERROR;
				CLANG_WARN_DOCUMENTATION_COMMENTS = YES;
				CLANG_WARN_EMPTY_BODY = YES;
				CLANG_WARN_ENUM_CONVERSION = YES;
				CLANG_WARN_INFINITE_RECURSION = YES;
				CLANG_WARN_INT_CONVERSION = YES;
				CLANG_WARN_NON_LITERAL_NULL_CONVERSION = YES;
				CLANG_WARN_OBJC_IMPLICIT_RETAIN_SELF = YES;
				CLANG_WARN_OBJC_LITERAL_CONVERSION = YES;
				CLANG_WARN_OBJC_ROOT_CLASS = YES_ERROR;
				CLANG_WARN_QUOTED_INCLUDE_IN_FRAMEWORK_HEADER = YES;
				CLANG_WARN_RANGE_LOOP_ANALYSIS = YES;
				CLANG_WARN_STRICT_PROTOTYPES = YES;
				CLANG_WARN_SUSPICIOUS_MOVE = YES;
				CLANG_WARN_UNGUARDED_AVAILABILITY = YES_AGGRESSIVE;
				CLANG_WARN_UNREACHABLE_CODE = YES;
				CLANG_WARN__DUPLICATE_METHOD_MATCH = YES;
				COPY_PHASE_STRIP = NO;
				DEAD_CODE_STRIPPING = YES;
				DEBUG_INFORMATION_FORMAT = dwarf;
				ENABLE_STRICT_OBJC_MSGSEND = YES;
				ENABLE_TESTABILITY = YES;
				ENABLE_USER_SCRIPT_SANDBOXING = YES;
				GCC_C_LANGUAGE_STANDARD = gnu11;
				GCC_DYNAMIC_NO_PIC = NO;
				GCC_NO_COMMON_BLOCKS = YES;
				GCC_OPTIMIZATION_LEVEL = 0;
				GCC_PREPROCESSOR_DEFINITIONS = (
					"DEBUG=1",
					"$(inherited)",
				);
				GCC_WARN_64_TO_32_BIT_CONVERSION = YES;
				GCC_WARN_ABOUT_RETURN_TYPE = YES_ERROR;
				GCC_WARN_UNDECLARED_SELECTOR = YES;
				GCC_WARN_UNINITIALIZED_AUTOS = YES_AGGRESSIVE;
				GCC_WARN_UNUSED_FUNCTION = YES;
				GCC_WARN_UNUSED_VARIABLE = YES;
				INFOPLIST_KEY_LSUIElement = YES;
				MACOSX_DEPLOYMENT_TARGET = 13.0;
				MTL_ENABLE_DEBUG_INFO = INCLUDE_SOURCE;
				MTL_FAST_MATH = YES;
				ONLY_ACTIVE_ARCH = YES;
				SDKROOT = macosx;
				SWIFT_ACTIVE_COMPILATION_CONDITIONS = DEBUG;
				SWIFT_OPTIMIZATION_LEVEL = "-Onone";
			};
			name = Debug;
		};
		C065ACB62A23D1B500A82183 /* Release */ = {
			isa = XCBuildConfiguration;
			buildSettings = {
				ALWAYS_SEARCH_USER_PATHS = NO;
				CLANG_ANALYZER_NONNULL = YES;
				CLANG_ANALYZER_NUMBER_OBJECT_CONVERSION = YES_AGGRESSIVE;
				CLANG_CXX_LANGUAGE_STANDARD = "gnu++20";
				CLANG_ENABLE_MODULES = YES;
				CLANG_ENABLE_OBJC_ARC = YES;
				CLANG_ENABLE_OBJC_WEAK = YES;
				CLANG_WARN_BLOCK_CAPTURE_AUTORELEASING = YES;
				CLANG_WARN_BOOL_CONVERSION = YES;
				CLANG_WARN_COMMA = YES;
				CLANG_WARN_CONSTANT_CONVERSION = YES;
				CLANG_WARN_DEPRECATED_OBJC_IMPLEMENTATIONS = YES;
				CLANG_WARN_DIRECT_OBJC_ISA_USAGE = YES_ERROR;
				CLANG_WARN_DOCUMENTATION_COMMENTS = YES;
				CLANG_WARN_EMPTY_BODY = YES;
				CLANG_WARN_ENUM_CONVERSION = YES;
				CLANG_WARN_INFINITE_RECURSION = YES;
				CLANG_WARN_INT_CONVERSION = YES;
				CLANG_WARN_NON_LITERAL_NULL_CONVERSION = YES;
				CLANG_WARN_OBJC_IMPLICIT_RETAIN_SELF = YES;
				CLANG_WARN_OBJC_LITERAL_CONVERSION = YES;
				CLANG_WARN_OBJC_ROOT_CLASS = YES_ERROR;
				CLANG_WARN_QUOTED_INCLUDE_IN_FRAMEWORK_HEADER = YES;
				CLANG_WARN_RANGE_LOOP_ANALYSIS = YES;
				CLANG_WARN_STRICT_PROTOTYPES = YES;
				CLANG_WARN_SUSPICIOUS_MOVE = YES;
				CLANG_WARN_UNGUARDED_AVAILABILITY = YES_AGGRESSIVE;
				CLANG_WARN_UNREACHABLE_CODE = YES;
				CLANG_WARN__DUPLICATE_METHOD_MATCH = YES;
				COPY_PHASE_STRIP = NO;
				DEAD_CODE_STRIPPING = YES;
				DEBUG_INFORMATION_FORMAT = "dwarf-with-dsym";
				ENABLE_NS_ASSERTIONS = NO;
				ENABLE_STRICT_OBJC_MSGSEND = YES;
				ENABLE_USER_SCRIPT_SANDBOXING = YES;
				GCC_C_LANGUAGE_STANDARD = gnu11;
				GCC_NO_COMMON_BLOCKS = YES;
				GCC_WARN_64_TO_32_BIT_CONVERSION = YES;
				GCC_WARN_ABOUT_RETURN_TYPE = YES_ERROR;
				GCC_WARN_UNDECLARED_SELECTOR = YES;
				GCC_WARN_UNINITIALIZED_AUTOS = YES_AGGRESSIVE;
				GCC_WARN_UNUSED_FUNCTION = YES;
				GCC_WARN_UNUSED_VARIABLE = YES;
				INFOPLIST_KEY_LSUIElement = YES;
				MACOSX_DEPLOYMENT_TARGET = 13.0;
				MTL_ENABLE_DEBUG_INFO = NO;
				MTL_FAST_MATH = YES;
				SDKROOT = macosx;
				SWIFT_COMPILATION_MODE = wholemodule;
				SWIFT_OPTIMIZATION_LEVEL = "-O";
			};
			name = Release;
		};
		C065ACB82A23D1B500A82183 /* Debug */ = {
			isa = XCBuildConfiguration;
			buildSettings = {
				ASSETCATALOG_COMPILER_APPICON_NAME = AppIcon;
				ASSETCATALOG_COMPILER_GLOBAL_ACCENT_COLOR_NAME = AccentColor;
				CODE_SIGN_ENTITLEMENTS = MacTemperature/MacTemperature.entitlements;
				"CODE_SIGN_IDENTITY[sdk=macosx*]" = "Apple Development";
				CODE_SIGN_STYLE = Automatic;
				COMBINE_HIDPI_IMAGES = YES;
				CURRENT_PROJECT_VERSION = 11;
				DEAD_CODE_STRIPPING = YES;
				DEVELOPMENT_TEAM = 586JQB45F3;
				ENABLE_HARDENED_RUNTIME = YES;
				GENERATE_INFOPLIST_FILE = YES;
				INFOPLIST_KEY_LSApplicationCategoryType = "public.app-category.utilities";
				INFOPLIST_KEY_LSUIElement = YES;
				INFOPLIST_KEY_NSHumanReadableCopyright = "";
				INFOPLIST_KEY_NSMainStoryboardFile = "";
				INFOPLIST_KEY_NSPrincipalClass = NSApplication;
				LD_RUNPATH_SEARCH_PATHS = (
					"$(inherited)",
					"@executable_path/../Frameworks",
				);
				MACOSX_DEPLOYMENT_TARGET = 13.0;
				MARKETING_VERSION = "0.6.3-beta";
				PRODUCT_BUNDLE_IDENTIFIER = ru.ighiba.MacTemperature;
				PRODUCT_NAME = "$(TARGET_NAME)";
				SWIFT_EMIT_LOC_STRINGS = YES;
				SWIFT_VERSION = 5.0;
			};
			name = Debug;
		};
		C065ACB92A23D1B500A82183 /* Release */ = {
			isa = XCBuildConfiguration;
			buildSettings = {
				ASSETCATALOG_COMPILER_APPICON_NAME = AppIcon;
				ASSETCATALOG_COMPILER_GLOBAL_ACCENT_COLOR_NAME = AccentColor;
				CODE_SIGN_ENTITLEMENTS = MacTemperature/MacTemperature.entitlements;
				"CODE_SIGN_IDENTITY[sdk=macosx*]" = "Apple Development";
				CODE_SIGN_STYLE = Automatic;
				COMBINE_HIDPI_IMAGES = YES;
				CURRENT_PROJECT_VERSION = 11;
				DEAD_CODE_STRIPPING = YES;
				DEVELOPMENT_TEAM = 586JQB45F3;
				ENABLE_HARDENED_RUNTIME = YES;
				GENERATE_INFOPLIST_FILE = YES;
				INFOPLIST_KEY_LSApplicationCategoryType = "public.app-category.utilities";
				INFOPLIST_KEY_LSUIElement = YES;
				INFOPLIST_KEY_NSHumanReadableCopyright = "";
				INFOPLIST_KEY_NSMainStoryboardFile = "";
				INFOPLIST_KEY_NSPrincipalClass = NSApplication;
				LD_RUNPATH_SEARCH_PATHS = (
					"$(inherited)",
					"@executable_path/../Frameworks",
				);
				MACOSX_DEPLOYMENT_TARGET = 13.0;
				MARKETING_VERSION = "0.6.3-beta";
				PRODUCT_BUNDLE_IDENTIFIER = ru.ighiba.MacTemperature;
				PRODUCT_NAME = "$(TARGET_NAME)";
				SWIFT_EMIT_LOC_STRINGS = YES;
				SWIFT_VERSION = 5.0;
			};
			name = Release;
		};
		C065ACBB2A23D1B500A82183 /* Debug */ = {
			isa = XCBuildConfiguration;
			buildSettings = {
				ALWAYS_EMBED_SWIFT_STANDARD_LIBRARIES = YES;
				BUNDLE_LOADER = "$(TEST_HOST)";
				CLANG_ENABLE_MODULES = YES;
				CODE_SIGN_STYLE = Automatic;
				CURRENT_PROJECT_VERSION = 1;
				DEAD_CODE_STRIPPING = YES;
				DEVELOPMENT_TEAM = 586JQB45F3;
				GENERATE_INFOPLIST_FILE = YES;
				MACOSX_DEPLOYMENT_TARGET = 13.3;
				MARKETING_VERSION = 1.0;
				PRODUCT_BUNDLE_IDENTIFIER = ru.ighiba.MacTemperatureTests;
				PRODUCT_NAME = "$(TARGET_NAME)";
				SWIFT_EMIT_LOC_STRINGS = NO;
				SWIFT_OPTIMIZATION_LEVEL = "-Onone";
				SWIFT_VERSION = 5.0;
				TEST_HOST = "$(BUILT_PRODUCTS_DIR)/MacTemperature.app/$(BUNDLE_EXECUTABLE_FOLDER_PATH)/MacTemperature";
			};
			name = Debug;
		};
		C065ACBC2A23D1B500A82183 /* Release */ = {
			isa = XCBuildConfiguration;
			buildSettings = {
				ALWAYS_EMBED_SWIFT_STANDARD_LIBRARIES = YES;
				BUNDLE_LOADER = "$(TEST_HOST)";
				CLANG_ENABLE_MODULES = YES;
				CODE_SIGN_STYLE = Automatic;
				CURRENT_PROJECT_VERSION = 1;
				DEAD_CODE_STRIPPING = YES;
				DEVELOPMENT_TEAM = 586JQB45F3;
				GENERATE_INFOPLIST_FILE = YES;
				MACOSX_DEPLOYMENT_TARGET = 13.3;
				MARKETING_VERSION = 1.0;
				PRODUCT_BUNDLE_IDENTIFIER = ru.ighiba.MacTemperatureTests;
				PRODUCT_NAME = "$(TARGET_NAME)";
				SWIFT_EMIT_LOC_STRINGS = NO;
				SWIFT_VERSION = 5.0;
				TEST_HOST = "$(BUILT_PRODUCTS_DIR)/MacTemperature.app/$(BUNDLE_EXECUTABLE_FOLDER_PATH)/MacTemperature";
			};
			name = Release;
		};
		C065ACBE2A23D1B500A82183 /* Debug */ = {
			isa = XCBuildConfiguration;
			buildSettings = {
				ALWAYS_EMBED_SWIFT_STANDARD_LIBRARIES = YES;
				CODE_SIGN_STYLE = Automatic;
				CURRENT_PROJECT_VERSION = 1;
				DEAD_CODE_STRIPPING = YES;
				DEVELOPMENT_TEAM = 586JQB45F3;
				GENERATE_INFOPLIST_FILE = YES;
				INFOPLIST_KEY_CFBundleDisplayName = "";
				MARKETING_VERSION = 1.0;
				PRODUCT_BUNDLE_IDENTIFIER = ru.ighiba.MacTemperatureUITests;
				PRODUCT_NAME = "$(TARGET_NAME)";
				SWIFT_EMIT_LOC_STRINGS = NO;
				SWIFT_VERSION = 5.0;
				TEST_TARGET_NAME = MacTemperature;
			};
			name = Debug;
		};
		C065ACBF2A23D1B500A82183 /* Release */ = {
			isa = XCBuildConfiguration;
			buildSettings = {
				ALWAYS_EMBED_SWIFT_STANDARD_LIBRARIES = YES;
				CODE_SIGN_STYLE = Automatic;
				CURRENT_PROJECT_VERSION = 1;
				DEAD_CODE_STRIPPING = YES;
				DEVELOPMENT_TEAM = 586JQB45F3;
				GENERATE_INFOPLIST_FILE = YES;
				INFOPLIST_KEY_CFBundleDisplayName = "";
				MARKETING_VERSION = 1.0;
				PRODUCT_BUNDLE_IDENTIFIER = ru.ighiba.MacTemperatureUITests;
				PRODUCT_NAME = "$(TARGET_NAME)";
				SWIFT_EMIT_LOC_STRINGS = NO;
				SWIFT_VERSION = 5.0;
				TEST_TARGET_NAME = MacTemperature;
			};
			name = Release;
		};
/* End XCBuildConfiguration section */

/* Begin XCConfigurationList section */
		C065AC8D2A23D1B400A82183 /* Build configuration list for PBXProject "MacTemperature" */ = {
			isa = XCConfigurationList;
			buildConfigurations = (
				C065ACB52A23D1B500A82183 /* Debug */,
				C065ACB62A23D1B500A82183 /* Release */,
			);
			defaultConfigurationIsVisible = 0;
			defaultConfigurationName = Release;
		};
		C065ACB72A23D1B500A82183 /* Build configuration list for PBXNativeTarget "MacTemperature" */ = {
			isa = XCConfigurationList;
			buildConfigurations = (
				C065ACB82A23D1B500A82183 /* Debug */,
				C065ACB92A23D1B500A82183 /* Release */,
			);
			defaultConfigurationIsVisible = 0;
			defaultConfigurationName = Release;
		};
		C065ACBA2A23D1B500A82183 /* Build configuration list for PBXNativeTarget "MacTemperatureTests" */ = {
			isa = XCConfigurationList;
			buildConfigurations = (
				C065ACBB2A23D1B500A82183 /* Debug */,
				C065ACBC2A23D1B500A82183 /* Release */,
			);
			defaultConfigurationIsVisible = 0;
			defaultConfigurationName = Release;
		};
		C065ACBD2A23D1B500A82183 /* Build configuration list for PBXNativeTarget "MacTemperatureUITests" */ = {
			isa = XCConfigurationList;
			buildConfigurations = (
				C065ACBE2A23D1B500A82183 /* Debug */,
				C065ACBF2A23D1B500A82183 /* Release */,
			);
			defaultConfigurationIsVisible = 0;
			defaultConfigurationName = Release;
		};
/* End XCConfigurationList section */
	};
	rootObject = C065AC8A2A23D1B400A82183 /* Project object */;
}
